
Microsoft Visual Studio Solution File, Format Version 12.00
# Visual Studio Version 16
VisualStudioVersion = 16.0.32602.291
MinimumVisualStudioVersion = 10.0.40219.1
Project("{FAE04EC0-301F-11D3-BF4B-00C04F79EFBC}") = "Test-Entities", "Test-Entities\Test-Entities.csproj", "{B941CE39-8993-4A33-822C-13802E80670E}"
EndProject
Project("{FAE04EC0-301F-11D3-BF4B-00C04F79EFBC}") = "Test-Entities-StartUp", "Test-Entities-StartUp\Test-Entities-StartUp.csproj", "{43A28665-0A6E-4A55-8851-02F26B874F52}"
EndProject
Global
	GlobalSection(SolutionConfigurationPlatforms) = preSolution
		Debug|Any CPU = Debug|Any CPU
		Release|Any CPU = Release|Any CPU
	EndGlobalSection
	GlobalSection(ProjectConfigurationPlatforms) = postSolution
		{B941CE39-8993-4A33-822C-13802E80670E}.Debug|Any CPU.ActiveCfg = Debug|Any CPU
		{B941CE39-8993-4A33-822C-13802E80670E}.Debug|Any CPU.Build.0 = Debug|Any CPU
		{B941CE39-8993-4A33-822C-13802E80670E}.Release|Any CPU.ActiveCfg = Release|Any CPU
		{B941CE39-8993-4A33-822C-13802E80670E}.Release|Any CPU.Build.0 = Release|Any CPU
		{43A28665-0A6E-4A55-8851-02F26B874F52}.Debug|Any CPU.ActiveCfg = Debug|Any CPU
		{43A28665-0A6E-4A55-8851-02F26B874F52}.Debug|Any CPU.Build.0 = Debug|Any CPU
		{43A28665-0A6E-4A55-8851-02F26B874F52}.Release|Any CPU.ActiveCfg = Release|Any CPU
		{43A28665-0A6E-4A55-8851-02F26B874F52}.Release|Any CPU.Build.0 = Release|Any CPU
	EndGlobalSection
	GlobalSection(SolutionProperties) = preSolution
		HideSolutionNode = FALSE
	EndGlobalSection
	GlobalSection(ExtensibilityGlobals) = postSolution
		SolutionGuid = {FBB2ACEE-2D2A-45DF-957E-8522220CF657}
	EndGlobalSection
EndGlobal
